version = 1
revision = 3
requires-python = ">=3.11"

[[package]]
name = "caption-checker"
version = "0.1.0"
source = { editable = "." }
dependencies = [
    { name = "click" },
    { name = "jellyfish" },
    { name = "python-dotenv" },
    { name = "srt" },
    { name = "webvtt-py" },
]

[package.dev-dependencies]
dev = [
    { name = "pytest" },
]

[package.metadata]
requires-dist = [
    { name = "click", specifier = ">=8.4.2" },
    { name = "jellyfish", specifier = ">=1.2.1" },
    { name = "python-dotenv", specifier = ">=1.2.3" },
    { name = "srt", specifier = ">=3.5.3" },
    { name = "webvtt-py", specifier = ">=0.5.1" },
]

[package.metadata.requires-dev]
dev = [{ name = "pytest", specifier = ">=9.1.1" }]

[[package]]
name = "click"
version = "8.4.2"
source = { registry = "https://pypi.org/simple" }
dependencies = [
    { name = "colorama", marker = "sys_platform == 'win32'" },
]
sdist = { url = "https://files.pythonhosted.org/packages/76/d4/81420972a676e8ffea40450d8c8c92943e7218a78fe9b64359836cc9876b/click-8.4.2.tar.gz", hash = "sha256:9a6cea6e60b17ebe0a44c5cc636d94f09bd66142c1cd7d8b4cd731c4917a15f6", size = 338000, upload-time = "2026-06-24T17:45:15.148Z" }
wheels = [
    { url = "https://files.pythonhosted.org/packages/fb/e2/79c688af8b210d232694e31e59da9f6ec747bae31c3f5946e4e9b98860d5/click-8.4.2-py3-none-any.whl", hash = "sha256:e6f9f66136c816745b9d65817da91d61d957fb16e02e4dcd0552553c5a197b76", size = 119243, upload-time = "2026-06-24T17:45:13.73Z" },
]

[[package]]
name = "colorama"
version = "0.4.6"
source = { registry = "https://pypi.org/simple" }
sdist = { url = "https://files.pythonhosted.org/packages/d8/53/6f443c9a4a8358a93a6792e2acffb9d9d5cb0a5cfd8802644b7b1c9a02e4/colorama-0.4.6.tar.gz", hash = "sha256:08695f5cb7ed6e0531a20572697297273c47b8cae5a63ffc6d6ed5c201be6e44", size = 27697, upload-time = "2022-10-25T02:36:22.414Z" }
wheels = [
    { url = "https://files.pythonhosted.org/packages/d1/d6/3965ed04c63042e047cb6a3e6ed1a63a35087b6a609aa3a15ed8ac56c221/colorama-0.4.6-py2.py3-none-any.whl", hash = "sha256:4f1d9991f5acc0ca119f9d443620b77f9d6b33703e51011c16baf57afb285fc6", size = 25335, upload-time = "2022-10-25T02:36:20.889Z" },
]

[[package]]
name = "iniconfig"
version = "2.3.0"
source = { registry = "https://pypi.org/simple" }
sdist = { url = "https://files.pythonhosted.org/packages/72/34/14ca021ce8e5dfedc35312d08ba8bf51fdd999c576889fc2c24cb97f4f10/iniconfig-2.3.0.tar.gz", hash = "sha256:c76315c77db068650d49c5b56314774a7804df16fee4402c1f19d6d15d8c4730", size = 20503, upload-time = "2025-10-18T21:55:43.219Z" }
wheels = [
    { url = "https://files.pythonhosted.org/packages/cb/b1/3846dd7f199d53cb17f49cba7e651e9ce294d8497c8c150530ed11865bb8/iniconfig-2.3.0-py3-none-any.whl", hash = "sha256:f631c04d2c48c52b84d0d0549c99ff3859c98df65b3101406327ecc7d53fbf12", size = 7484, upload-time = "2025-10-18T21:55:41.639Z" },
]

[[package]]
name = "jellyfish"
version = "1.2.1"
source = { registry = "https://pypi.org/simple" }
sdist = { url = "https://files.pythonhosted.org/packages/0b/14/fc5bdb637996df181e5c4fa3b15dcc27d33215e6c41753564ae453bdb40f/jellyfish-1.2.1.tar.gz", hash = "sha256:72d2fda61b23babe862018729be73c8b0dc12e3e6601f36f6e65d905e249f4db", size = 364417, upload-time = "2025-10-11T19:36:37.219Z" }
wheels = [
    { url = "https://files.pythonhosted.org/packages/ee/67/5d5ec4004d92573cbccd33fc84d0ad61e523b29f7b17b062913b183961e1/jellyfish-1.2.1-cp311-cp311-macosx_10_12_x86_64.whl", hash = "sha256:9913789a98ccf49213fbb1dabc597847a0ec33d3b0e151689498f4b38ba9be0f", size = 325488, upload-time = "2025-10-11T19:35:06.87Z" },
    { url = "https://files.pythonhosted.org/packages/83/21/6cf3add349cd0002cc586178bd8f1fd006894e5c70f959a8db5507cfe075/jellyfish-1.2.1-cp311-cp311-macosx_11_0_arm64.whl", hash = "sha256:4e36d9000d4f7e1a35689a74ec7749d27a216dfa6c47cac2e5ad3de8a523bd69", size = 320226, upload-time = "2025-10-11T19:35:08.314Z" },
    { url = "https://files.pythonhosted.org/packages/1c/ed/b5458b09482913caece2e9f807599318e48490b01c3c3134b636ecd7af8c/jellyfish-1.2.1-cp311-cp311-manylinux_2_17_aarch64.manylinux2014_aarch64.whl", hash = "sha256:7853d2ed7d6929c029312ec849410f1ea7ae76ce72ad1140fb73f6e8a1e6aa4f", size = 353091, upload-time = "2025-10-11T19:35:09.395Z" },
    { url = "https://files.pythonhosted.org/packages/67/be/7e01fda506f3249d3548d35d1203e009a850734297ccfe4039ce76a927dc/jellyfish-1.2.1-cp311-cp311-manylinux_2_17_armv7l.manylinux2014_armv7l.whl", hash = "sha256:68080af234256ef943f0add6fc79816b0c643d8df291c17a85c1b6e45bdfbb96", size = 362820, upload-time = "2025-10-11T19:35:11.28Z" },
    { url = "https://files.pythonhosted.org/packages/f5/95/39302d0df1e1b7c348c1fe6fda27cc6cd4c0bd0b27d79f34de3981a14e55/jellyfish-1.2.1-cp311-cp311-manylinux_2_17_x86_64.manylinux2014_x86_64.whl", hash = "sha256:4c5acb213aa75a61bcfc176566e20f2503069667e760d83d403b59e115fef0dd", size = 360560, upload-time = "2025-10-11T19:35:12.266Z" },
    { url = "https://files.pythonhosted.org/packages/ac/9d/b477787bc032e8b5b1ffd798e1c638ecbd54621967dc5577ccd10b5e9444/jellyfish-1.2.1-cp311-cp311-musllinux_1_1_aarch64.whl", hash = "sha256:4b28fcefc0c3534277ff0306e6c10672fb050f4784b5f3be7037e80801569fb5", size = 533823, upload-time = "2025-10-11T19:35:13.268Z" },
    { url = "https://files.pythonhosted.org/packages/73/7e/c6e389c4fccfc2838b1d3fe21736b5bf9ea1e739287d128a291eb84df158/jellyfish-1.2.1-cp311-cp311-musllinux_1_1_i686.whl", hash = "sha256:f69aeb08659a6c81d559bbe319075e3417434ae5b3a5e4a758d1c4055a03497a", size = 554439, upload-time = "2025-10-11T19:35:14.595Z" },
    { url = "https://files.pythonhosted.org/packages/17/1e/3239b2dfdfb2f1d8795a8d35936c5eadb90475dbbeebacf45e083579d560/jellyfish-1.2.1-cp311-cp311-musllinux_1_1_x86_64.whl", hash = "sha256:63770120cc3386dcc13bcc4df508ab281a6b14c3b2c0e33586439a6c40ee122f", size = 523762, upload-time = "2025-10-11T19:35:15.614Z" },
    { url = "https://files.pythonhosted.org/packages/2c/05/62f16bec1d2cd74e6944dfb18a8511bd9df9f2d58e041567f909da22ee26/jellyfish-1.2.1-cp311-cp311-win32.whl", hash = "sha256:ecf62d4aad0baa8832ab60f96e7baedbe6558bd292597503d927e9c5bce745d8", size = 208967, upload-time = "2025-10-11T19:35:16.616Z" },
    { url = "https://files.pythonhosted.org/packages/87/a4/69b65d9090d297407bc530f2e5b8707aa1caa9484e7281a04da6821f13be/jellyfish-1.2.1-cp311-cp311-win_amd64.whl", hash = "sha256:bd186c041d9be86c4fa5e2490943ce5d7f05b472f45d7f49426f259f3dd20bc4", size = 213556, upload-time = "2025-10-11T19:35:17.528Z" },
    { url = "https://files.pythonhosted.org/packages/9c/52/4112537334f1b21ead968a663f0aeb8a5774f42f9c92ded69bad21db1c5e/jellyfish-1.2.1-cp312-cp312-macosx_10_12_x86_64.whl", hash = "sha256:32a85b752cb51463face13e2b1797cfa617cd7fb7073f15feaa4020a86a346ce", size = 323225, upload-time = "2025-10-11T19:35:18.555Z" },
    { url = "https://files.pythonhosted.org/packages/b2/0d/c54aa2476e5e63673910720b75f3b15e2484687fff9a457a84861f3fa898/jellyfish-1.2.1-cp312-cp312-macosx_11_0_arm64.whl", hash = "sha256:675ab43840488944899ca87f02d4813c1e32107e56afaba7489705a70214e8aa", size = 317839, upload-time = "2025-10-11T19:35:19.648Z" },
    { url = "https://files.pythonhosted.org/packages/51/3f/a81347d705150a69e446cabcbe8f223ad990164dffd3e6f8178ed44cf198/jellyfish-1.2.1-cp312-cp312-manylinux_2_17_aarch64.manylinux2014_aarch64.whl", hash = "sha256:c888f624d03e55e501bc438906505c79fb307d8da37a6dda18dd1ac2e6d5ea9c", size = 353337, upload-time = "2025-10-11T19:35:20.651Z" },
    { url = "https://files.pythonhosted.org/packages/e7/3a/b655e72b852f6c304a2bc12091485f71e58e8c6374a15c8f21a1f0e1b9cd/jellyfish-1.2.1-cp312-cp312-manylinux_2_17_armv7l.manylinux2014_armv7l.whl", hash = "sha256:d2b56a1fd2c5126c4a3362ec4470291cdd3c7daa22f583da67e75e30dc425ce6", size = 362632, upload-time = "2025-10-11T19:35:21.624Z" },
    { url = "https://files.pythonhosted.org/packages/4e/be/f9f9a0b7ba48c994e0573d718e39bde713572cfb11f967d97328420a7aef/jellyfish-1.2.1-cp312-cp312-manylinux_2_17_x86_64.manylinux2014_x86_64.whl", hash = "sha256:1a3ccff843822e7f3ad6f91662488a3630724c8587976bce114f3c7238e8ffa1", size = 360514, upload-time = "2025-10-11T19:35:22.886Z" },
    { url = "https://files.pythonhosted.org/packages/f0/b6/960e556e155f65438c1b70d50f745ceb2989de8255a769ccaad26bf94a3f/jellyfish-1.2.1-cp312-cp312-musllinux_1_1_aarch64.whl", hash = "sha256:10da696747e2de0336180fd5ba77ef769a7c80f9743123545f7fc0251efbbcec", size = 533973, upload-time = "2025-10-11T19:35:24.077Z" },
    { url = "https://files.pythonhosted.org/packages/24/63/f5b5fb00c0df70387f699535c38190a97f30b79c2e7d4afb97794f838875/jellyfish-1.2.1-cp312-cp312-musllinux_1_1_i686.whl", hash = "sha256:c3c18f13175a9c90f3abd8805720b0eb3e10eca1d5d4e0cf57722b2a62d62016", size = 553863, upload-time = "2025-10-11T19:35:25.64Z" },
    { url = "https://files.pythonhosted.org/packages/86/45/4de6626b6045884ed27995e170bacd09239b19549e25d95492cde10ea052/jellyfish-1.2.1-cp312-cp312-musllinux_1_1_x86_64.whl", hash = "sha256:0368596e176bf548b3be2979ff33e274fb6d5e13b2cebe85137b8b698b002a85", size = 523629, upload-time = "2025-10-11T19:35:26.732Z" },
    { url = "https://files.pythonhosted.org/packages/73/d6/8593e08568438b207f91b2fba2f6c879abc85dc450c0ad599a4e81dd9f07/jellyfish-1.2.1-cp312-cp312-win32.whl", hash = "sha256:451ddf4094e108e33d3b86d7817a7e20a2c5e6812d08c34ee22f6a595f38dcca", size = 209179, upload-time = "2025-10-11T19:35:27.72Z" },
    { url = "https://files.pythonhosted.org/packages/0f/ff/ae991a96e8a370f41bbd91dbabdc94b404a164b0ab268388f43c2ab10d45/jellyfish-1.2.1-cp312-cp312-win_amd64.whl", hash = "sha256:15318c13070fe6d9caeb7e10f9cdf89ff47c9d20f05a9a2c0d3b5cb8062a7033", size = 213630, upload-time = "2025-10-11T19:35:28.978Z" },
    { url = "https://files.pythonhosted.org/packages/5c/e6/75feeda1c3634525296aa56265db151f896005b139e177f8b1a285546a1f/jellyfish-1.2.1-cp313-cp313-macosx_10_12_x86_64.whl", hash = "sha256:4b3e3223aaad74e18aacc74775e01815e68af810258ceea6fa6a81b19f384312", size = 322958, upload-time = "2025-10-11T19:35:29.906Z" },
    { url = "https://files.pythonhosted.org/packages/0e/66/4b92bb55b545ebefbf085e45cbcda576d2a2a3dc48fd61dae469c27e73a6/jellyfish-1.2.1-cp313-cp313-macosx_11_0_arm64.whl", hash = "sha256:e967e67058b78189d2b20a9586c7720a05ec4a580d6a98c796cd5cd2b7b11303", size = 317859, upload-time = "2025-10-11T19:35:31.312Z" },
    { url = "https://files.pythonhosted.org/packages/fe/8e/9d0055f921c884605bf22a96e376b016993928126e8a4c7fd8698260fb4e/jellyfish-1.2.1-cp313-cp313-manylinux_2_17_aarch64.manylinux2014_aarch64.whl", hash = "sha256:32581c50b34a09889b2d96796170e53da313a1e7fde32be63c82e50e7e791e3c", size = 353222, upload-time = "2025-10-11T19:35:32.352Z" },
    { url = "https://files.pythonhosted.org/packages/4f/d2/deca58a62e57f7e2b2172ab39f522831279ee08ec0943fc0d0e33cd6e6f9/jellyfish-1.2.1-cp313-cp313-manylinux_2_17_armv7l.manylinux2014_armv7l.whl", hash = "sha256:07b022412ebece96759006cb015d46b8218d7f896d8b327c6bbee784ddf38ed9", size = 362392, upload-time = "2025-10-11T19:35:33.305Z" },
    { url = "https://files.pythonhosted.org/packages/12/40/9a7f62d367f5a862950ce3598188fe0e22e11d1f5d6eaad6eda5adc354b0/jellyfish-1.2.1-cp313-cp313-manylinux_2_17_x86_64.manylinux2014_x86_64.whl", hash = "sha256:80a49eb817eaa6591f43a31e5c93d79904de62537f029907ef88c050d781a638", size = 360358, upload-time = "2025-10-11T19:35:34.585Z" },
    { url = "https://files.pythonhosted.org/packages/a5/e5/6b44a1058df3dfa3dd1174c9f86685c78f780d0b68851a057075aea14587/jellyfish-1.2.1-cp313-cp313-musllinux_1_1_aarch64.whl", hash = "sha256:e1b990fb15985571616f7f40a12d6fa062897b19fb5359b6dec3cd811d802c24", size = 533945, upload-time = "2025-10-11T19:35:35.764Z" },
    { url = "https://files.pythonhosted.org/packages/50/4c/2397f43ad2692a1052299607838b41a4c2dd5707fde4ce459d686e763eb1/jellyfish-1.2.1-cp313-cp313-musllinux_1_1_i686.whl", hash = "sha256:dd895cf63fac0a9f11b524fff810d9a6081dcf3c518b34172ac8684eb504dd43", size = 553707, upload-time = "2025-10-11T19:35:36.926Z" },
    { url = "https://files.pythonhosted.org/packages/de/aa/dc7cf053c8c40035791de1dc2f45b1f57772a14b0dc53318720e87073831/jellyfish-1.2.1-cp313-cp313-musllinux_1_1_x86_64.whl", hash = "sha256:6d2bac5982d7a08759ea487bfa00149e6aa8a3be7cd43c4ed1be1e3505425c69", size = 523323, upload-time = "2025-10-11T19:35:37.981Z" },
    { url = "https://files.pythonhosted.org/packages/2b/1a/610c7f1f7777646322f489b5ed1e4631370c9fa4fb40a8246af71b496b6d/jellyfish-1.2.1-cp313-cp313-win32.whl", hash = "sha256:509355ebedec69a8bf0cc113a6bf9c01820d12fe2eea44f47dfa809faf2d5463", size = 209143, upload-time = "2025-10-11T19:35:39.276Z" },
    { url = "https://files.pythonhosted.org/packages/80/9a/6102b23b03a6df779fee76c979c0eb819b300c83b468900df78bb574b944/jellyfish-1.2.1-cp313-cp313-win_amd64.whl", hash = "sha256:9c747ae5c0fb4bd519f6abbfe4bd704b2f1c63fd4dd3dbb8d8864478974e1571", size = 213466, upload-time = "2025-10-11T19:35:40.24Z" },
    { url = "https://files.pythonhosted.org/packages/89/c3/92190ff494881008ff127d67aba80245a5071ec7c3ff1181ceddc6c9d636/jellyfish-1.2.1-cp314-cp314-macosx_10_12_x86_64.whl", hash = "sha256:212aaf177236192a735bbbf5938717aa8518d14a25b08b015e47e783e70be060", size = 322379, upload-time = "2025-10-11T19:35:41.21Z" },
    { url = "https://files.pythonhosted.org/packages/d4/db/993c81f3e95e06e2a5cb71aaf9af063d8798a34c9715c8059707ddc12b86/jellyfish-1.2.1-cp314-cp314-macosx_11_0_arm64.whl", hash = "sha256:b8986d9768daddd5e87abf513ae168ea0afe690a444d4c82d5b1b14b0d045820", size = 317270, upload-time = "2025-10-11T19:35:43.367Z" },
    { url = "https://files.pythonhosted.org/packages/fc/6a/0f521b098e136c43c7ae1e77db4a792f9e65167fe818820502996488b926/jellyfish-1.2.1-cp314-cp314-manylinux_2_17_aarch64.manylinux2014_aarch64.whl", hash = "sha256:5fa0ba0946f3c274f6a87aaa3c631dc70a363bd46cceea828ce777e8db653b6f", size = 352931, upload-time = "2025-10-11T19:35:44.402Z" },
    { url = "https://files.pythonhosted.org/packages/a0/c4/5d2242a650f890384b435610ef2962b1ac6091c070912a81a97020d2502a/jellyfish-1.2.1-cp314-cp314-manylinux_2_17_armv7l.manylinux2014_armv7l.whl", hash = "sha256:6e76b23431a667cd485fb562428d1ad29bae9fdd0fcdfb5a51cc8087bae0e88c", size = 362473, upload-time = "2025-10-11T19:35:45.427Z" },
    { url = "https://files.pythonhosted.org/packages/d5/fe/831fc45a4d3e497bccc4735809551320968360d14b89eb3d7cb892549316/jellyfish-1.2.1-cp314-cp314-manylinux_2_17_x86_64.manylinux2014_x86_64.whl", hash = "sha256:a058f4c6a591d5e5a47569f5648a26303ba19c76a960fef7e0beba2aa959e52e", size = 359772, upload-time = "2025-10-11T19:35:46.65Z" },
    { url = "https://files.pythonhosted.org/packages/b4/0f/d132265e299947e4462c1485f829a08a513c97c41bdfe758754e4a5c1dfe/jellyfish-1.2.1-cp314-cp314-musllinux_1_1_aarch64.whl", hash = "sha256:6a49ce2a580edd3b16b69421137deef464e2f8907f9ef906d49950b1a52908c1", size = 533628, upload-time = "2025-10-11T19:35:47.691Z" },
    { url = "https://files.pythonhosted.org/packages/52/2a/d51dbf0aceb9b141dd8318ce6a41ab08a5deaae56be16a8bf3d8685ac817/jellyfish-1.2.1-cp314-cp314-musllinux_1_1_i686.whl", hash = "sha256:c85aa2bc76a36d92a3197f406f86636664d5b323727dfec4fa2842a8a24a06ae", size = 553614, upload-time = "2025-10-11T19:35:52.928Z" },
    { url = "https://files.pythonhosted.org/packages/f9/e1/fcc7c5919d871537942425f707b764af65b76c7b88377aa71083c5280e37/jellyfish-1.2.1-cp314-cp314-musllinux_1_1_x86_64.whl", hash = "sha256:29cfa8bfb72aacf2d611a3313b358ed4d4140fa3d3efcffea750c8e7f8acb1aa", size = 523057, upload-time = "2025-10-11T19:35:54.423Z" },
    { url = "https://files.pythonhosted.org/packages/95/65/ee5289540b2015643493cc29b50350dbe63ca1977a902de5295a4df8c25a/jellyfish-1.2.1-cp314-cp314-win32.whl", hash = "sha256:f121218dc33fb318c34ddd889dc7362606ce1316af2bb63b73cc1df81523ca34", size = 209340, upload-time = "2025-10-11T19:35:55.69Z" },
    { url = "https://files.pythonhosted.org/packages/bc/e2/fa5de38380b0f5bd531b27a78acb0dc6118dab0b21f56d36008b829aa7de/jellyfish-1.2.1-cp314-cp314-win_amd64.whl", hash = "sha256:9a73b5c6425a70ebd440579a677eb4f03b327b2f59090db34e6c937aeea5aabd", size = 213399, upload-time = "2025-10-11T19:35:56.776Z" },
    { url = "https://files.pythonhosted.org/packages/96/72/e4897449abd844d501412873d1d15bd846bcc919648c0b1043e225268b21/jellyfish-1.2.1-pp311-pypy311_pp73-macosx_10_12_x86_64.whl", hash = "sha256:748dc45a0394fbe9120b8b3b9a39fab0967c7e2d6ecdd5304af018e774f80f96", size = 326967, upload-time = "2025-10-11T19:36:18.851Z" },
    { url = "https://files.pythonhosted.org/packages/60/3f/c7a550abd212ae40c2a555055a3f16ba39376e486ba0189e150fb25cf6b1/jellyfish-1.2.1-pp311-pypy311_pp73-macosx_11_0_arm64.whl", hash = "sha256:13f1ac9caba22af10bfe42f674822643c0266009f882e0fe652079706dc5d13a", size = 321759, upload-time = "2025-10-11T19:36:19.882Z" },
    { url = "https://files.pythonhosted.org/packages/19/58/a268365ba659f04d4db0c94325042aa9aee69c3a9a5823a5b2a2db308a5c/jellyfish-1.2.1-pp311-pypy311_pp73-manylinux_2_17_aarch64.manylinux2014_aarch64.whl", hash = "sha256:1ffeeb6c78c45fbb6d2a22b0173fb8a6af849001d6c26fab49c525136dbd9734", size = 354847, upload-time = "2025-10-11T19:36:20.976Z" },
    { url = "https://files.pythonhosted.org/packages/5d/63/371351a5e0e19d642e33c1c8b4c3ef47538f36bbd8d76a06ee34000b38a2/jellyfish-1.2.1-pp311-pypy311_pp73-manylinux_2_17_armv7l.manylinux2014_armv7l.whl", hash = "sha256:1354b558a0a16597b6032dd0af64bebd24994f7e7484cf14993320eb764b06cb", size = 364210, upload-time = "2025-10-11T19:36:22.071Z" },
    { url = "https://files.pythonhosted.org/packages/a8/ed/f43d79b9b6d846189b1235f8303d1246ca9cba79a61a26cac790b57c1789/jellyfish-1.2.1-pp311-pypy311_pp73-manylinux_2_17_x86_64.manylinux2014_x86_64.whl", hash = "sha256:e5977810972c6f0b2e61252c4758fd5aee21abf663ff309881195a99d37daa94", size = 361876, upload-time = "2025-10-11T19:36:23.235Z" },
    { url = "https://files.pythonhosted.org/packages/74/5c/82455195b77cd1996c3618bd5aa8f25a9fc254d401a3c1425fb60cf97742/jellyfish-1.2.1-pp311-pypy311_pp73-musllinux_1_1_aarch64.whl", hash = "sha256:536c80d8d4ec7f39cbb10b85d926ff96cef3cde4a83ca0991c07cd9835d5dc13", size = 535488, upload-time = "2025-10-11T19:36:24.252Z" },
    { url = "https://files.pythonhosted.org/packages/74/3d/295468c5df5a8d03f522b0c21fc3e694d6be376602a6d755bf7815947522/jellyfish-1.2.1-pp311-pypy311_pp73-musllinux_1_1_i686.whl", hash = "sha256:21baa92d4a5112167721156f6d061c2ae105f2995b3a5e19cec6662928f0c439", size = 555818, upload-time = "2025-10-11T19:36:25.667Z" },
    { url = "https://files.pythonhosted.org/packages/41/6d/4029265138a5a0b18e4df381560e467339bec477f4efaa7614736dbc433e/jellyfish-1.2.1-pp311-pypy311_pp73-musllinux_1_1_x86_64.whl", hash = "sha256:68ea3ddd4dae1152a7f7155ef02a7bfad919611158d71b301f9aa167685819af", size = 525259, upload-time = "2025-10-11T19:36:26.726Z" },
]

[[package]]
name = "packaging"
version = "26.3"
source = { registry = "https://pypi.org/simple" }
sdist = { url = "https://files.pythonhosted.org/packages/7d/fa/3944b40b07da9ce895c0e6303a5ab7d53da063554f534556b134a54d6093/packaging-26.3.tar.gz", hash = "sha256:94edc256424af38762eb31306eed28beb9f0efc50a8837492c9d6fd6004aed79", size = 313412, upload-time = "2026-08-04T18:15:28.737Z" }
wheels = [
    { url = "https://files.pythonhosted.org/packages/63/34/ba1c580383c9eada3711951fef0795c80b829a078d72188184bcab9dd527/packaging-26.3-py3-none-any.whl", hash = "sha256:d7193f7c8e4e93f444fde0262bf90af30e16fa0ad0ad44cb553c87339b23cd1c", size = 129956, upload-time = "2026-08-04T18:15:27.159Z" },
]

[[package]]
name = "pluggy"
version = "1.6.0"
source = { registry = "https://pypi.org/simple" }
sdist = { url = "https://files.pythonhosted.org/packages/f9/e2/3e91f31a7d2b083fe6ef3fa267035b518369d9511ffab804f839851d2779/pluggy-1.6.0.tar.gz", hash = "sha256:7dcc130b76258d33b90f61b658791dede3486c3e6bfb003ee5c9bfb396dd22f3", size = 69412, upload-time = "2025-05-15T12:30:07.975Z" }
wheels = [
    { url = "https://files.pythonhosted.org/packages/54/20/4d324d65cc6d9205fabedc306948156824eb9f0ee1633355a8f7ec5c66bf/pluggy-1.6.0-py3-none-any.whl", hash = "sha256:e920276dd6813095e9377c0bc5566d94c932c33b27a3e3945d8389c374dd4746", size = 20538, upload-time = "2025-05-15T12:30:06.134Z" },
]

[[package]]
name = "pygments"
version = "2.21.0"
source = { registry = "https://pypi.org/simple" }
sdist = { url = "https://files.pythonhosted.org/packages/49/2e/ced460408999b33da6b31b0021b0f37d329e202d4169aeb164493778f25b/pygments-2.21.0.tar.gz", hash = "sha256:610ca751c9bc2492b38eb9a38a7fbc93edbbb2d7182edaf34e66ae493dee5c8c", size = 5005329, upload-time = "2026-08-17T08:02:48.824Z" }
wheels = [
    { url = "https://files.pythonhosted.org/packages/71/46/17f022dd3e953bf20a04a028a21ec746d942f8d2af30fa0f124fa0e6a684/pygments-2.21.0-py3-none-any.whl", hash = "sha256:2363c69b61c4a97c838da3b130dcd6468f4848992b21a82f2a63ec34377137d9", size = 1250147, upload-time = "2026-08-17T08:02:44.912Z" },
]

[[package]]
name = "pytest"
version = "9.1.1"
source = { registry = "https://pypi.org/simple" }
dependencies = [
    { name = "colorama", marker = "sys_platform == 'win32'" },
    { name = "iniconfig" },
    { name = "packaging" },
    { name = "pluggy" },
    { name = "pygments" },
]
sdist = { url = "https://files.pythonhosted.org/packages/e4/47/b9efed96c114afcfa3c9d3fe98a76a1d14c74a9e266d397cf6eb64be5e01/pytest-9.1.1.tar.gz", hash = "sha256:1088fbde8f2b49d95a549a195707afa7a76a3ce9bcadc26b6d71f0ffda5fe313", size = 1636369, upload-time = "2026-06-19T10:58:32.857Z" }
wheels = [
    { url = "https://files.pythonhosted.org/packages/24/25/1de2678b631f5a49215c6c96fff41ba892b0a34df68d6d80292b1b48aa7f/pytest-9.1.1-py3-none-any.whl", hash = "sha256:37a86b45efb9a47a61a36449063e8e18d0cab3161329fc099eb21783169c4f0c", size = 386536, upload-time = "2026-06-19T10:58:31.347Z" },
]

[[package]]
name = "python-dotenv"
version = "1.2.3"
source = { registry = "https://pypi.org/simple" }
sdist = { url = "https://files.pythonhosted.org/packages/6a/53/ed9d74092561d4b01a2ef1349d52cdbc135e526c245f366b089cfca6de49/python_dotenv-1.2.3.tar.gz", hash = "sha256:a20a594dabeaa385725aa239d5244871c143ecb356add8a20fcf23773a6c3a35", size = 58945, upload-time = "2026-08-16T16:54:54.067Z" }
wheels = [
    { url = "https://files.pythonhosted.org/packages/0d/17/c5c6b53ddc18f297992099b3d9ec16c855c0ccc83263a21fe4d1c625ec6c/python_dotenv-1.2.3-py3-none-any.whl", hash = "sha256:904552145e8bfed22162c09dab1c2b9b54fefa7b23ba780f4f26ca0316b0f0d9", size = 22780, upload-time = "2026-08-16T16:54:52.473Z" },
]

[[package]]
name = "srt"
version = "3.5.3"
source = { registry = "https://pypi.org/simple" }
sdist = { url = "https://files.pythonhosted.org/packages/66/b7/4a1bc231e0681ebf339337b0cd05b91dc6a0d701fa852bb812e244b7a030/srt-3.5.3.tar.gz", hash = "sha256:4884315043a4f0740fd1f878ed6caa376ac06d70e135f306a6dc44632eed0cc0", size = 28296, upload-time = "2023-03-28T02:35:44.007Z" }

[[package]]
name = "webvtt-py"
version = "0.5.1"
source = { registry = "https://pypi.org/simple" }
sdist = { url = "https://files.pythonhosted.org/packages/5e/f6/7c9c964681fb148e0293e6860108d378e09ccab2218f9063fd3eb87f840a/webvtt-py-0.5.1.tar.gz", hash = "sha256:2040dd325277ddadc1e0c6cc66cbc4a1d9b6b49b24c57a0c3364374c3e8a3dc1", size = 55128, upload-time = "2024-05-30T13:40:17.189Z" }
wheels = [
    { url = "https://files.pythonhosted.org/packages/f3/ed/aad7e0f5a462d679f7b4d2e0d8502c3096740c883b5bbed5103146480937/webvtt_py-0.5.1-py3-none-any.whl", hash = "sha256:9d517d286cfe7fc7825e9d4e2079647ce32f5678eb58e39ef544ffbb932610b7", size = 19802, upload-time = "2024-05-30T13:40:14.661Z" },
]
